
Microsoft Visual Studio Solution File, Format Version 12.00
# Visual Studio Version 17
VisualStudioVersion = 17.2.32616.157
MinimumVisualStudioVersion = 10.0.40219.1
Project("{2150E333-8FDC-42A3-9474-1A3956D46DE8}") = "src", "src", "{0EC1B7D5-5D33-4B71-873B-D66A70EDFE12}"
EndProject
Project("{9A19103F-16F7-4668-BE54-9A1E7A4F7556}") = "LSDW.Domain", "src\LSDW.Domain\LSDW.Domain.csproj", "{68D8B261-B941-4DB4-AFC1-DEA9CFC05C16}"
EndProject
Project("{9A19103F-16F7-4668-BE54-9A1E7A4F7556}") = "LSDW.Application", "src\LSDW.Application\LSDW.Application.csproj", "{D69F027D-6F7C-43F3-B9C3-A220A8D7144B}"
EndProject
Project("{9A19103F-16F7-4668-BE54-9A1E7A4F7556}") = "LSDW.Infrastructure", "src\LSDW.Infrastructure\LSDW.Infrastructure.csproj", "{5CCA5F91-D1D7-4ABC-AD27-64E6742C8DE4}"
EndProject
Project("{9A19103F-16F7-4668-BE54-9A1E7A4F7556}") = "LSDW.Presentation", "src\LSDW.Presentation\LSDW.Presentation.csproj", "{F325A77E-FF46-4DB1-A783-915ED30C9273}"
EndProject
Project("{9A19103F-16F7-4668-BE54-9A1E7A4F7556}") = "LSDW", "src\LSDW\LSDW.csproj", "{52047452-3B28-463A-A1F7-71E984D9F72B}"
EndProject
Project("{9A19103F-16F7-4668-BE54-9A1E7A4F7556}") = "LSDW.Savegame.Extractor", "src\LSDW.Savegame.Extractor\LSDW.Savegame.Extractor.csproj", "{00F6131C-9184-4BA5-BC8D-4411A5E71FA2}"
EndProject
Project("{2150E333-8FDC-42A3-9474-1A3956D46DE8}") = "tests", "tests", "{2A7D9607-5D4A-40E5-A8BD-A917548011BF}"
EndProject
Project("{9A19103F-16F7-4668-BE54-9A1E7A4F7556}") = "LSDW.DomainTests", "tests\LSDW.DomainTests\LSDW.DomainTests.csproj", "{83445454-88F2-4BF6-B885-A77C6B08A2E6}"
EndProject
Project("{9A19103F-16F7-4668-BE54-9A1E7A4F7556}") = "LSDW.ApplicationTests", "tests\LSDW.ApplicationTests\LSDW.ApplicationTests.csproj", "{573B6593-A6D9-4494-A881-092F59F29EDA}"
EndProject
Project("{9A19103F-16F7-4668-BE54-9A1E7A4F7556}") = "LSDW.InfrastructureTests", "tests\LSDW.InfrastructureTests\LSDW.InfrastructureTests.csproj", "{62D3DE20-020C-4F8D-81BF-F1D07A0B0786}"
EndProject
Project("{2150E333-8FDC-42A3-9474-1A3956D46DE8}") = "Solution Items", "Solution Items", "{370302BB-A0DD-4840-8A18-BC4EC2697787}"
	ProjectSection(SolutionItems) = preProject
		.editorconfig = .editorconfig
		.gitignore = .gitignore
		CODE_OF_CONDUCT.md = CODE_OF_CONDUCT.md
		Directory.Build.props = Directory.Build.props
		Directory.Build.targets = Directory.Build.targets
		global.json = global.json
		LICENSE = LICENSE
		README.md = README.md
	EndProjectSection
EndProject
Global
	GlobalSection(SolutionConfigurationPlatforms) = preSolution
		Debug|x64 = Debug|x64
		Release|x64 = Release|x64
	EndGlobalSection
	GlobalSection(ProjectConfigurationPlatforms) = postSolution
		{68D8B261-B941-4DB4-AFC1-DEA9CFC05C16}.Debug|x64.ActiveCfg = Debug|x64
		{68D8B261-B941-4DB4-AFC1-DEA9CFC05C16}.Debug|x64.Build.0 = Debug|x64
		{68D8B261-B941-4DB4-AFC1-DEA9CFC05C16}.Release|x64.ActiveCfg = Release|x64
		{68D8B261-B941-4DB4-AFC1-DEA9CFC05C16}.Release|x64.Build.0 = Release|x64
		{D69F027D-6F7C-43F3-B9C3-A220A8D7144B}.Debug|x64.ActiveCfg = Debug|x64
		{D69F027D-6F7C-43F3-B9C3-A220A8D7144B}.Debug|x64.Build.0 = Debug|x64
		{D69F027D-6F7C-43F3-B9C3-A220A8D7144B}.Release|x64.ActiveCfg = Release|x64
		{D69F027D-6F7C-43F3-B9C3-A220A8D7144B}.Release|x64.Build.0 = Release|x64
		{5CCA5F91-D1D7-4ABC-AD27-64E6742C8DE4}.Debug|x64.ActiveCfg = Debug|x64
		{5CCA5F91-D1D7-4ABC-AD27-64E6742C8DE4}.Debug|x64.Build.0 = Debug|x64
		{5CCA5F91-D1D7-4ABC-AD27-64E6742C8DE4}.Release|x64.ActiveCfg = Release|x64
		{5CCA5F91-D1D7-4ABC-AD27-64E6742C8DE4}.Release|x64.Build.0 = Release|x64
		{F325A77E-FF46-4DB1-A783-915ED30C9273}.Debug|x64.ActiveCfg = Debug|x64
		{F325A77E-FF46-4DB1-A783-915ED30C9273}.Debug|x64.Build.0 = Debug|x64
		{F325A77E-FF46-4DB1-A783-915ED30C9273}.Release|x64.ActiveCfg = Release|x64
		{F325A77E-FF46-4DB1-A783-915ED30C9273}.Release|x64.Build.0 = Release|x64
		{52047452-3B28-463A-A1F7-71E984D9F72B}.Debug|x64.ActiveCfg = Debug|x64
		{52047452-3B28-463A-A1F7-71E984D9F72B}.Debug|x64.Build.0 = Debug|x64
		{52047452-3B28-463A-A1F7-71E984D9F72B}.Release|x64.ActiveCfg = Release|x64
		{52047452-3B28-463A-A1F7-71E984D9F72B}.Release|x64.Build.0 = Release|x64
		{00F6131C-9184-4BA5-BC8D-4411A5E71FA2}.Debug|x64.ActiveCfg = Debug|x64
		{00F6131C-9184-4BA5-BC8D-4411A5E71FA2}.Debug|x64.Build.0 = Debug|x64
		{00F6131C-9184-4BA5-BC8D-4411A5E71FA2}.Release|x64.ActiveCfg = Release|x64
		{00F6131C-9184-4BA5-BC8D-4411A5E71FA2}.Release|x64.Build.0 = Release|x64
		{83445454-88F2-4BF6-B885-A77C6B08A2E6}.Debug|x64.ActiveCfg = Debug|x64
		{83445454-88F2-4BF6-B885-A77C6B08A2E6}.Debug|x64.Build.0 = Debug|x64
		{83445454-88F2-4BF6-B885-A77C6B08A2E6}.Release|x64.ActiveCfg = Release|x64
		{83445454-88F2-4BF6-B885-A77C6B08A2E6}.Release|x64.Build.0 = Release|x64
		{573B6593-A6D9-4494-A881-092F59F29EDA}.Debug|x64.ActiveCfg = Debug|x64
		{573B6593-A6D9-4494-A881-092F59F29EDA}.Debug|x64.Build.0 = Debug|x64
		{573B6593-A6D9-4494-A881-092F59F29EDA}.Release|x64.ActiveCfg = Release|x64
		{573B6593-A6D9-4494-A881-092F59F29EDA}.Release|x64.Build.0 = Release|x64
		{62D3DE20-020C-4F8D-81BF-F1D07A0B0786}.Debug|x64.ActiveCfg = Debug|x64
		{62D3DE20-020C-4F8D-81BF-F1D07A0B0786}.Debug|x64.Build.0 = Debug|x64
		{62D3DE20-020C-4F8D-81BF-F1D07A0B0786}.Release|x64.ActiveCfg = Release|x64
		{62D3DE20-020C-4F8D-81BF-F1D07A0B0786}.Release|x64.Build.0 = Release|x64
	EndGlobalSection
	GlobalSection(SolutionProperties) = preSolution
		HideSolutionNode = FALSE
	EndGlobalSection
	GlobalSection(NestedProjects) = preSolution
		{68D8B261-B941-4DB4-AFC1-DEA9CFC05C16} = {0EC1B7D5-5D33-4B71-873B-D66A70EDFE12}
		{D69F027D-6F7C-43F3-B9C3-A220A8D7144B} = {0EC1B7D5-5D33-4B71-873B-D66A70EDFE12}
		{5CCA5F91-D1D7-4ABC-AD27-64E6742C8DE4} = {0EC1B7D5-5D33-4B71-873B-D66A70EDFE12}
		{F325A77E-FF46-4DB1-A783-915ED30C9273} = {0EC1B7D5-5D33-4B71-873B-D66A70EDFE12}
		{52047452-3B28-463A-A1F7-71E984D9F72B} = {0EC1B7D5-5D33-4B71-873B-D66A70EDFE12}
		{00F6131C-9184-4BA5-BC8D-4411A5E71FA2} = {0EC1B7D5-5D33-4B71-873B-D66A70EDFE12}
		{83445454-88F2-4BF6-B885-A77C6B08A2E6} = {2A7D9607-5D4A-40E5-A8BD-A917548011BF}
		{573B6593-A6D9-4494-A881-092F59F29EDA} = {2A7D9607-5D4A-40E5-A8BD-A917548011BF}
		{62D3DE20-020C-4F8D-81BF-F1D07A0B0786} = {2A7D9607-5D4A-40E5-A8BD-A917548011BF}
	EndGlobalSection
	GlobalSection(ExtensibilityGlobals) = postSolution
		RESX_SortFileContentOnSave = True
		SolutionGuid = {68F339D1-2669-47D8-9481-679C413F0389}
		RESX_SaveFilesImmediatelyUponChange = True
	EndGlobalSection
EndGlobal
